{
  "name": "@writetome51/get-grouped-by-properties",
  "version": "4.0.0",
  "lockfileVersion": 1,
  "requires": true,
  "dependencies": {
    "@writetome51/alphabetize": {
      "version": "2.0.1",
      "resolved": "https://registry.npmjs.org/@writetome51/alphabetize/-/alphabetize-2.0.1.tgz",
      "integrity": "sha512-c/cMAYetRq6qykRXM2CYDLaqb4gl2/hQxbUqUVsQtAgdW4p3A5jQzUt4T5KxQL2Uknh0FIwADy2b2t2iOlVe7A==",
      "requires": {
        "@writetome51/to-str": ">=0.0.1"
      }
    },
    "@writetome51/array-append-prepend": {
      "version": "4.0.0",
      "resolved": "https://registry.npmjs.org/@writetome51/array-append-prepend/-/array-append-prepend-4.0.0.tgz",
      "integrity": "sha512-x2FpuqRn7b6pxlHjEhMDKQb9tzgRHXQ/6ypFV8Tn5fAVufrJgZZNGHrdkHrWCR3YSx1Qib3Fwu21Xz5h5dBSuQ=="
    },
    "@writetome51/array-get-and-remove-adjacent-at": {
      "version": "3.0.0",
      "resolved": "https://registry.npmjs.org/@writetome51/array-get-and-remove-adjacent-at/-/array-get-and-remove-adjacent-at-3.0.0.tgz",
      "integrity": "sha512-smCgqNe9bsAuEe/WEmyjZlX/Qi+pc3uGtEgK6wQVPpEn1xhRls0oEYQy99pR2Yuvsr/145kUu7RUeQQmbRZ7+g==",
      "requires": {
        "error-if-array-too-short-to-meet-adjacent-items-request": "^2.0.0",
        "error-if-index-how-many-or-array-are-not-valid": "^2.0.1"
      }
    },
    "@writetome51/array-get-and-remove-by-index": {
      "version": "3.0.0",
      "resolved": "https://registry.npmjs.org/@writetome51/array-get-and-remove-by-index/-/array-get-and-remove-by-index-3.0.0.tgz",
      "integrity": "sha512-Nh3HVPPNgdkv03YT11m0o2u5KAuwajoXSByjiIkD8a1fi4pswUIvemqqAkJSLWhqTTdyO6fxkHqG24VUlBnK+A==",
      "requires": {
        "@writetome51/array-get-and-remove-adjacent-at": ">=2.0.0"
      }
    },
    "@writetome51/array-get-merged-arrays": {
      "version": "2.0.0",
      "resolved": "https://registry.npmjs.org/@writetome51/array-get-merged-arrays/-/array-get-merged-arrays-2.0.0.tgz",
      "integrity": "sha512-o3TU1tMEXobp0mxbxnuFzB1/GcKOKad8w4QSITONnTw8FTxSd/dlF0A9ukshdMariSDCy06nlUdm9V9hOecQcA==",
      "requires": {
        "error-if-not-array": "^2.0.0"
      }
    },
    "@writetome51/get-array-copy": {
      "version": "2.0.0",
      "resolved": "https://registry.npmjs.org/@writetome51/get-array-copy/-/get-array-copy-2.0.0.tgz",
      "integrity": "sha512-h4B2er5UJL3w8X1wg5FD7k1nlRp9jmR5O6Q31XFVRrpdVbXdQ/abpV5UFRwio7+aXH9vfdpc2VRoE34WK38meA==",
      "requires": {
        "error-if-not-array": "^2.0.0"
      }
    },
    "@writetome51/get-grouped-by-property": {
      "version": "4.0.0",
      "resolved": "https://registry.npmjs.org/@writetome51/get-grouped-by-property/-/get-grouped-by-property-4.0.0.tgz",
      "integrity": "sha512-oIatHkplrIZR53SbfQQ7SeUiDrd61pUDWm4Wk/l8+VeEcJMP4JgoXHhTbHRyycsrnMJoO9DdVH/fPQz3L4mzcw==",
      "requires": {
        "@writetome51/array-append-prepend": ">=3.0.0",
        "@writetome51/get-array-copy": ">=1.0.0",
        "@writetome51/get-property": ">=2.0.2",
        "@writetome51/sort-by-property": ">=1.0.0",
        "@writetome51/to-str": ">=0.0.1"
      }
    },
    "@writetome51/get-property": {
      "version": "2.0.2",
      "resolved": "https://registry.npmjs.org/@writetome51/get-property/-/get-property-2.0.2.tgz",
      "integrity": "sha512-LzPODGAfd0SDEIuwXBgKx+RrldorI+3lQGGYCLg8kMfBG+sM2M463KYUAf+j6ENQ9G48ZCbsX7SHdPLvsns0gg=="
    },
    "@writetome51/index-is-valid": {
      "version": "2.0.2",
      "resolved": "https://registry.npmjs.org/@writetome51/index-is-valid/-/index-is-valid-2.0.2.tgz",
      "integrity": "sha512-BkvzZj2VTrvnvxAnxvA2fNeBZ5L+ROs4sOifh4fOBewt1PM61eVMGWyY0agSjCkUZM9v36H0uBzUZKpDUW8nkw==",
      "requires": {
        "error-if-not-integer": "^2.0.1"
      }
    },
    "@writetome51/is-array-not-array": {
      "version": "2.0.0",
      "resolved": "https://registry.npmjs.org/@writetome51/is-array-not-array/-/is-array-not-array-2.0.0.tgz",
      "integrity": "sha512-IVc3BgxLuBsSPzteYbwpgOYyqP0DjpIMsPbjSOrCeMAGvJhojLBiBkw/I70faMs6iuPalOklfGm60XcRU7aZ3g==",
      "dev": true
    },
    "@writetome51/is-integer-is-float": {
      "version": "2.0.1",
      "resolved": "https://registry.npmjs.org/@writetome51/is-integer-is-float/-/is-integer-is-float-2.0.1.tgz",
      "integrity": "sha512-RfO1UDw/ROcwpx0pjGpWfRUOL+9UFz2nV+WSilWzznSZsKJzN7xPlLSH0JiTdhlUNG74CSg2pxpshFMpaEogxg=="
    },
    "@writetome51/is-object-not-object": {
      "version": "2.0.0",
      "resolved": "https://registry.npmjs.org/@writetome51/is-object-not-object/-/is-object-not-object-2.0.0.tgz",
      "integrity": "sha512-CuydlACtzhrGryvL05k2WF35utLWrwYoSEK7bLcW1iSlcf3AkZ/own6WwODIpsMvLJfpTv5KFeJ1BEPvkZKGIw=="
    },
    "@writetome51/not": {
      "version": "2.0.1",
      "resolved": "https://registry.npmjs.org/@writetome51/not/-/not-2.0.1.tgz",
      "integrity": "sha512-P8yMPs3LWMLZ+KN5ixNUuOHvT5RiIUqbPKD46tU3EvOSfpTk1jomFko8/pBhZq9ZwArT7Ff4IG0UgtiBopQjIQ=="
    },
    "@writetome51/order-numerically": {
      "version": "1.0.0",
      "resolved": "https://registry.npmjs.org/@writetome51/order-numerically/-/order-numerically-1.0.0.tgz",
      "integrity": "sha512-QhsIPJ5sm+srGqdaSg4EKg6XMV2IRt1SCc2nQ5h5QDJF4VWw/xu6pK9m2/A62bwRj4MxQQhSfs8KYlz1McNvSg==",
      "requires": {
        "timsort": "^0.3.0"
      }
    },
    "@writetome51/sort-by-property": {
      "version": "1.0.0",
      "resolved": "https://registry.npmjs.org/@writetome51/sort-by-property/-/sort-by-property-1.0.0.tgz",
      "integrity": "sha512-sqEYVlA1RPgKqZJ+8kHDiumMlMBOlpwJ5lTSoJjFcBZ6059UyI14723ZIJUJ/CFnHos8gLdpyYZeu1CigWO7lw==",
      "requires": {
        "@writetome51/alphabetize": "^2.0.0",
        "@writetome51/get-property": "^2.0.1",
        "@writetome51/order-numerically": "^1.0.0",
        "error-if-length-is-zero": "^1.0.1"
      }
    },
    "@writetome51/to-str": {
      "version": "0.0.1",
      "resolved": "https://registry.npmjs.org/@writetome51/to-str/-/to-str-0.0.1.tgz",
      "integrity": "sha512-DtS7pjaf2moRZSrdI4TCLRMVguQ75Djm3jEgv/SjzIycbdYdKYVHQE6iIQX/fF2JJ10FJ48G4w42vgNd9W5xTQ=="
    },
    "error-if-array-too-short-to-meet-adjacent-items-request": {
      "version": "2.0.0",
      "resolved": "https://registry.npmjs.org/error-if-array-too-short-to-meet-adjacent-items-request/-/error-if-array-too-short-to-meet-adjacent-items-request-2.0.0.tgz",
      "integrity": "sha512-VJl7jkZ6tS0ahw4qlMlvlLMhMmml8oSdWmQn9Eanuo6iNr302aNkeF3IwnCdprUcmRw/3a2vZFVM3fJBW262fw=="
    },
    "error-if-index-how-many-or-array-are-not-valid": {
      "version": "2.0.1",
      "resolved": "https://registry.npmjs.org/error-if-index-how-many-or-array-are-not-valid/-/error-if-index-how-many-or-array-are-not-valid-2.0.1.tgz",
      "integrity": "sha512-FsBclMV37Q/ULCQf1t1gxHAgQP2SZIR8eo23VktcVCTZbjtDuiSzHKhDjHJEFK2/1I1uTUF4O+cfK/+xlpZCgQ==",
      "requires": {
        "error-if-index-not-valid": "^2.0.0",
        "error-if-not-array": "^2.0.0",
        "error-if-not-integer": "^2.0.0"
      }
    },
    "error-if-index-not-valid": {
      "version": "2.0.0",
      "resolved": "https://registry.npmjs.org/error-if-index-not-valid/-/error-if-index-not-valid-2.0.0.tgz",
      "integrity": "sha512-YHcWv6Iwuhc+rTJrCwdbMMEP3cR9lPDzAfAPHJotdCXxFmyV9k+PtcFrc6CHrf4KU9AG8FLQ0SZ1wb+iZtUZRQ==",
      "requires": {
        "@writetome51/index-is-valid": "^2.0.0"
      }
    },
    "error-if-length-is-zero": {
      "version": "1.0.1",
      "resolved": "https://registry.npmjs.org/error-if-length-is-zero/-/error-if-length-is-zero-1.0.1.tgz",
      "integrity": "sha512-UB2bqtLZ9lpexrsjQbH6UkdBJpmeesBQZHGEYwOFoiKReRuQlG/cODCOMNY+Fq8EFyeF1gg99eMSjdztqUEQqA=="
    },
    "error-if-not-array": {
      "version": "2.0.0",
      "resolved": "https://registry.npmjs.org/error-if-not-array/-/error-if-not-array-2.0.0.tgz",
      "integrity": "sha512-kBAYpWy9xGjELgGqmS2QPbRJPXfacAxBwgitXIwMEglY0p3C2p4++sf3uDszXaDoy4cwgGrFj+FkthsxQFh/ag=="
    },
    "error-if-not-integer": {
      "version": "2.0.1",
      "resolved": "https://registry.npmjs.org/error-if-not-integer/-/error-if-not-integer-2.0.1.tgz",
      "integrity": "sha512-ALEtf7K9/u/KB9c92fdFDba3kke7Z6sJ0IxN5DobI19PYyLRFwgcAUG0QDmjtgTwE9X9ZmV9YaiW8RsbrNr+bA==",
      "requires": {
        "@writetome51/is-integer-is-float": "^2.0.1"
      }
    },
    "error-if-not-object": {
      "version": "2.0.0",
      "resolved": "https://registry.npmjs.org/error-if-not-object/-/error-if-not-object-2.0.0.tgz",
      "integrity": "sha512-jtmWyJasrRxyi9XIYReE2z9p6eLHPzmYaceZrFU68diHFLH/G0evKM67MMgSgKUhIjjZk34y5+H3dgoCDCfFzg==",
      "requires": {
        "@writetome51/is-object-not-object": "^2.0.0"
      }
    },
    "timsort": {
      "version": "0.3.0",
      "resolved": "https://registry.npmjs.org/timsort/-/timsort-0.3.0.tgz",
      "integrity": "sha1-QFQRqOfmM5/mTbmiNN4R3DHgK9Q="
    }
  }
}
