{
  "name": "@writetome51/get-grouped-by-properties",
  "version": "3.0.0",
  "lockfileVersion": 1,
  "requires": true,
  "dependencies": {
    "@writetome51/alphabetize": {
      "version": "2.0.1",
      "resolved": "https://registry.npmjs.org/@writetome51/alphabetize/-/alphabetize-2.0.1.tgz",
      "integrity": "sha512-c/cMAYetRq6qykRXM2CYDLaqb4gl2/hQxbUqUVsQtAgdW4p3A5jQzUt4T5KxQL2Uknh0FIwADy2b2t2iOlVe7A==",
      "requires": {
        "@writetome51/to-str": ">=0.0.1"
      }
    },
    "@writetome51/array-append-prepend": {
      "version": "3.0.0",
      "resolved": "https://registry.npmjs.org/@writetome51/array-append-prepend/-/array-append-prepend-3.0.0.tgz",
      "integrity": "sha512-lgh1zL4f6m5VancP4ZeSYE/HwQ0hfP4k74tg6pWvj5sPJOlibw4BfSRGRKalAFITJqY0KmZb8RX2bECueE4ZHg=="
    },
    "@writetome51/array-get-and-remove-adjacent-at": {
      "version": "2.0.0",
      "resolved": "https://registry.npmjs.org/@writetome51/array-get-and-remove-adjacent-at/-/array-get-and-remove-adjacent-at-2.0.0.tgz",
      "integrity": "sha512-80sDR1qs/7jX3PV3YSvMS1GJp9xAH0BRdQBsidHCc7CYwvOVlsvit3EFYqKU0DS+cCwIfF+fBEeXQ48vbB8zNA==",
      "requires": {
        "error-if-array-too-short-to-meet-adjacent-items-request": "^2.0.0",
        "error-if-index-how-many-or-array-are-not-valid": "^2.0.1"
      }
    },
    "@writetome51/array-get-and-remove-by-index": {
      "version": "2.0.0",
      "resolved": "https://registry.npmjs.org/@writetome51/array-get-and-remove-by-index/-/array-get-and-remove-by-index-2.0.0.tgz",
      "integrity": "sha512-p58G1g9Hl3Nmz2h0+GX2nfwvJ51ldoUUXDfDd0JoAOu7nUprmOAeY4dp0LL12h66Wm09Am18GKxksN3cqCli2A==",
      "requires": {
        "@writetome51/array-get-and-remove-adjacent-at": "^2.0.0"
      }
    },
    "@writetome51/array-get-merged-arrays": {
      "version": "2.0.0",
      "resolved": "https://registry.npmjs.org/@writetome51/array-get-merged-arrays/-/array-get-merged-arrays-2.0.0.tgz",
      "integrity": "sha512-o3TU1tMEXobp0mxbxnuFzB1/GcKOKad8w4QSITONnTw8FTxSd/dlF0A9ukshdMariSDCy06nlUdm9V9hOecQcA==",
      "requires": {
        "error-if-not-array": "^2.0.0"
      }
    },
    "@writetome51/get-array-copy": {
      "version": "1.0.0",
      "resolved": "https://registry.npmjs.org/@writetome51/get-array-copy/-/get-array-copy-1.0.0.tgz",
      "integrity": "sha512-t2E8n/80SE9k6WUq6ovDXnKTRPcbMM0qqu738wTASSW8bbBKEWhZ8oF+hX5xCjP0EWkRln5BzN/6tztaMVgdAA==",
      "requires": {
        "error-if-not-array": "^2.0.0"
      }
    },
    "@writetome51/get-grouped-by-property": {
      "version": "3.1.1",
      "resolved": "https://registry.npmjs.org/@writetome51/get-grouped-by-property/-/get-grouped-by-property-3.1.1.tgz",
      "integrity": "sha512-C3VvteUH40f1IqJNUWGvfyEvpltqFpiN3urf5BJNo2wRstMSuFY8LnhxaUDi8Umx+2be/EJM/1lvAg3ipQfBQw==",
      "requires": {
        "@writetome51/array-append-prepend": ">=3.0.0",
        "@writetome51/get-array-copy": ">=1.0.0",
        "@writetome51/get-property": ">=2.0.2",
        "@writetome51/sort-by-property": ">=1.0.0",
        "@writetome51/to-str": ">=0.0.1"
      }
    },
    "@writetome51/get-property": {
      "version": "2.0.2",
      "resolved": "https://registry.npmjs.org/@writetome51/get-property/-/get-property-2.0.2.tgz",
      "integrity": "sha512-LzPODGAfd0SDEIuwXBgKx+RrldorI+3lQGGYCLg8kMfBG+sM2M463KYUAf+j6ENQ9G48ZCbsX7SHdPLvsns0gg=="
    },
    "@writetome51/index-is-valid": {
      "version": "2.0.1",
      "resolved": "https://registry.npmjs.org/@writetome51/index-is-valid/-/index-is-valid-2.0.1.tgz",
      "integrity": "sha512-88BNF7+JWu4BEGyJHsw4eewlEIokegY2plwNlrhgxQCyB8gnVwuNGvThvhxvIV7cuyFeYx+ViNDESxX/WSIL1g=="
    },
    "@writetome51/is-array-not-array": {
      "version": "2.0.0",
      "resolved": "https://registry.npmjs.org/@writetome51/is-array-not-array/-/is-array-not-array-2.0.0.tgz",
      "integrity": "sha512-IVc3BgxLuBsSPzteYbwpgOYyqP0DjpIMsPbjSOrCeMAGvJhojLBiBkw/I70faMs6iuPalOklfGm60XcRU7aZ3g==",
      "dev": true
    },
    "@writetome51/is-integer-is-float": {
      "version": "2.0.1",
      "resolved": "https://registry.npmjs.org/@writetome51/is-integer-is-float/-/is-integer-is-float-2.0.1.tgz",
      "integrity": "sha512-RfO1UDw/ROcwpx0pjGpWfRUOL+9UFz2nV+WSilWzznSZsKJzN7xPlLSH0JiTdhlUNG74CSg2pxpshFMpaEogxg=="
    },
    "@writetome51/is-object-not-object": {
      "version": "2.0.0",
      "resolved": "https://registry.npmjs.org/@writetome51/is-object-not-object/-/is-object-not-object-2.0.0.tgz",
      "integrity": "sha512-CuydlACtzhrGryvL05k2WF35utLWrwYoSEK7bLcW1iSlcf3AkZ/own6WwODIpsMvLJfpTv5KFeJ1BEPvkZKGIw=="
    },
    "@writetome51/not": {
      "version": "2.0.0",
      "resolved": "https://registry.npmjs.org/@writetome51/not/-/not-2.0.0.tgz",
      "integrity": "sha512-CS+S0XafZPStxI16/27TBIfQETu5JfvD9VPBbw7sr42Vjotv6q02IjtwLgfAVcjQlsj+IL5I+2Hs6uoI7kinmA=="
    },
    "@writetome51/order-numerically": {
      "version": "1.0.0",
      "resolved": "https://registry.npmjs.org/@writetome51/order-numerically/-/order-numerically-1.0.0.tgz",
      "integrity": "sha512-QhsIPJ5sm+srGqdaSg4EKg6XMV2IRt1SCc2nQ5h5QDJF4VWw/xu6pK9m2/A62bwRj4MxQQhSfs8KYlz1McNvSg==",
      "requires": {
        "timsort": "^0.3.0"
      }
    },
    "@writetome51/sort-by-property": {
      "version": "1.0.0",
      "resolved": "https://registry.npmjs.org/@writetome51/sort-by-property/-/sort-by-property-1.0.0.tgz",
      "integrity": "sha512-sqEYVlA1RPgKqZJ+8kHDiumMlMBOlpwJ5lTSoJjFcBZ6059UyI14723ZIJUJ/CFnHos8gLdpyYZeu1CigWO7lw==",
      "requires": {
        "@writetome51/alphabetize": "^2.0.0",
        "@writetome51/get-property": "^2.0.1",
        "@writetome51/order-numerically": "^1.0.0",
        "error-if-length-is-zero": "^1.0.1"
      }
    },
    "@writetome51/to-str": {
      "version": "0.0.1",
      "resolved": "https://registry.npmjs.org/@writetome51/to-str/-/to-str-0.0.1.tgz",
      "integrity": "sha512-DtS7pjaf2moRZSrdI4TCLRMVguQ75Djm3jEgv/SjzIycbdYdKYVHQE6iIQX/fF2JJ10FJ48G4w42vgNd9W5xTQ=="
    },
    "error-if-array-too-short-to-meet-adjacent-items-request": {
      "version": "2.0.0",
      "resolved": "https://registry.npmjs.org/error-if-array-too-short-to-meet-adjacent-items-request/-/error-if-array-too-short-to-meet-adjacent-items-request-2.0.0.tgz",
      "integrity": "sha512-VJl7jkZ6tS0ahw4qlMlvlLMhMmml8oSdWmQn9Eanuo6iNr302aNkeF3IwnCdprUcmRw/3a2vZFVM3fJBW262fw=="
    },
    "error-if-index-how-many-or-array-are-not-valid": {
      "version": "2.0.1",
      "resolved": "https://registry.npmjs.org/error-if-index-how-many-or-array-are-not-valid/-/error-if-index-how-many-or-array-are-not-valid-2.0.1.tgz",
      "integrity": "sha512-FsBclMV37Q/ULCQf1t1gxHAgQP2SZIR8eo23VktcVCTZbjtDuiSzHKhDjHJEFK2/1I1uTUF4O+cfK/+xlpZCgQ==",
      "requires": {
        "error-if-index-not-valid": "^2.0.0",
        "error-if-not-array": "^2.0.0",
        "error-if-not-integer": "^2.0.0"
      }
    },
    "error-if-index-not-valid": {
      "version": "2.0.0",
      "resolved": "https://registry.npmjs.org/error-if-index-not-valid/-/error-if-index-not-valid-2.0.0.tgz",
      "integrity": "sha512-YHcWv6Iwuhc+rTJrCwdbMMEP3cR9lPDzAfAPHJotdCXxFmyV9k+PtcFrc6CHrf4KU9AG8FLQ0SZ1wb+iZtUZRQ==",
      "requires": {
        "@writetome51/index-is-valid": "^2.0.0"
      }
    },
    "error-if-length-is-zero": {
      "version": "1.0.1",
      "resolved": "https://registry.npmjs.org/error-if-length-is-zero/-/error-if-length-is-zero-1.0.1.tgz",
      "integrity": "sha512-UB2bqtLZ9lpexrsjQbH6UkdBJpmeesBQZHGEYwOFoiKReRuQlG/cODCOMNY+Fq8EFyeF1gg99eMSjdztqUEQqA=="
    },
    "error-if-not-array": {
      "version": "2.0.0",
      "resolved": "https://registry.npmjs.org/error-if-not-array/-/error-if-not-array-2.0.0.tgz",
      "integrity": "sha512-kBAYpWy9xGjELgGqmS2QPbRJPXfacAxBwgitXIwMEglY0p3C2p4++sf3uDszXaDoy4cwgGrFj+FkthsxQFh/ag=="
    },
    "error-if-not-integer": {
      "version": "2.0.1",
      "resolved": "https://registry.npmjs.org/error-if-not-integer/-/error-if-not-integer-2.0.1.tgz",
      "integrity": "sha512-ALEtf7K9/u/KB9c92fdFDba3kke7Z6sJ0IxN5DobI19PYyLRFwgcAUG0QDmjtgTwE9X9ZmV9YaiW8RsbrNr+bA==",
      "requires": {
        "@writetome51/is-integer-is-float": "^2.0.1"
      }
    },
    "error-if-not-object": {
      "version": "2.0.0",
      "resolved": "https://registry.npmjs.org/error-if-not-object/-/error-if-not-object-2.0.0.tgz",
      "integrity": "sha512-jtmWyJasrRxyi9XIYReE2z9p6eLHPzmYaceZrFU68diHFLH/G0evKM67MMgSgKUhIjjZk34y5+H3dgoCDCfFzg==",
      "requires": {
        "@writetome51/is-object-not-object": "^2.0.0"
      }
    },
    "timsort": {
      "version": "0.3.0",
      "resolved": "https://registry.npmjs.org/timsort/-/timsort-0.3.0.tgz",
      "integrity": "sha1-QFQRqOfmM5/mTbmiNN4R3DHgK9Q="
    }
  }
}
